
Microsoft Visual Studio Solution File, Format Version 12.00
# Visual Studio Version 17
VisualStudioVersion = 17.1.32414.318
MinimumVisualStudioVersion = 10.0.40219.1
Project("{FAE04EC0-301F-11D3-BF4B-00C04F79EFBC}") = "DataStracturedDemo", "DataStracturedDemo\DataStracturedDemo.csproj", "{FD593F45-E423-4992-B730-6BE487D4E886}"
EndProject
Project("{FAE04EC0-301F-11D3-BF4B-00C04F79EFBC}") = "QueueUsingLinkedList", "QueueUsingLinkedList\QueueUsingLinkedList.csproj", "{7036B846-C979-47EA-A6D0-A1E5926D610C}"
EndProject
Project("{FAE04EC0-301F-11D3-BF4B-00C04F79EFBC}") = "StackUsingLinkedList", "StackUsingLinkedList\StackUsingLinkedList.csproj", "{6A39D973-7DD8-446C-AD7A-F4D22DC7DAD0}"
EndProject
Global
	GlobalSection(SolutionConfigurationPlatforms) = preSolution
		Debug|Any CPU = Debug|Any CPU
		Release|Any CPU = Release|Any CPU
	EndGlobalSection
	GlobalSection(ProjectConfigurationPlatforms) = postSolution
		{FD593F45-E423-4992-B730-6BE487D4E886}.Debug|Any CPU.ActiveCfg = Debug|Any CPU
		{FD593F45-E423-4992-B730-6BE487D4E886}.Debug|Any CPU.Build.0 = Debug|Any CPU
		{FD593F45-E423-4992-B730-6BE487D4E886}.Release|Any CPU.ActiveCfg = Release|Any CPU
		{FD593F45-E423-4992-B730-6BE487D4E886}.Release|Any CPU.Build.0 = Release|Any CPU
		{7036B846-C979-47EA-A6D0-A1E5926D610C}.Debug|Any CPU.ActiveCfg = Debug|Any CPU
		{7036B846-C979-47EA-A6D0-A1E5926D610C}.Debug|Any CPU.Build.0 = Debug|Any CPU
		{7036B846-C979-47EA-A6D0-A1E5926D610C}.Release|Any CPU.ActiveCfg = Release|Any CPU
		{7036B846-C979-47EA-A6D0-A1E5926D610C}.Release|Any CPU.Build.0 = Release|Any CPU
		{6A39D973-7DD8-446C-AD7A-F4D22DC7DAD0}.Debug|Any CPU.ActiveCfg = Debug|Any CPU
		{6A39D973-7DD8-446C-AD7A-F4D22DC7DAD0}.Debug|Any CPU.Build.0 = Debug|Any CPU
		{6A39D973-7DD8-446C-AD7A-F4D22DC7DAD0}.Release|Any CPU.ActiveCfg = Release|Any CPU
		{6A39D973-7DD8-446C-AD7A-F4D22DC7DAD0}.Release|Any CPU.Build.0 = Release|Any CPU
	EndGlobalSection
	GlobalSection(SolutionProperties) = preSolution
		HideSolutionNode = FALSE
	EndGlobalSection
	GlobalSection(ExtensibilityGlobals) = postSolution
		SolutionGuid = {9604AB6F-562C-49D7-9B74-D578FC9E80DC}
	EndGlobalSection
EndGlobal
